
Microsoft Visual Studio Solution File, Format Version 12.00
# Visual Studio 14
VisualStudioVersion = 14.0.25420.1
MinimumVisualStudioVersion = 10.0.40219.1
Project("{FAE04EC0-301F-11D3-BF4B-00C04F79EFBC}") = "PlanetaryTest", "Unittesting\PlanetaryTest.csproj", "{0192BAE9-66F7-4755-8EC1-F0187B2F1692}"
	ProjectSection(ProjectDependencies) = postProject
		{6EA6B291-AD09-474D-A6A1-27403E4710BC} = {6EA6B291-AD09-474D-A6A1-27403E4710BC}
	EndProjectSection
EndProject
Project("{FAE04EC0-301F-11D3-BF4B-00C04F79EFBC}") = "PlanetaryMock", "PlanetaryMock.csproj", "{6EA6B291-AD09-474D-A6A1-27403E4710BC}"
EndProject
Global
	GlobalSection(SolutionConfigurationPlatforms) = preSolution
		Debug|Any CPU = Debug|Any CPU
		Release|Any CPU = Release|Any CPU
	EndGlobalSection
	GlobalSection(ProjectConfigurationPlatforms) = postSolution
		{0192BAE9-66F7-4755-8EC1-F0187B2F1692}.Debug|Any CPU.ActiveCfg = Debug|Any CPU
		{0192BAE9-66F7-4755-8EC1-F0187B2F1692}.Debug|Any CPU.Build.0 = Debug|Any CPU
		{0192BAE9-66F7-4755-8EC1-F0187B2F1692}.Release|Any CPU.ActiveCfg = Release|Any CPU
		{0192BAE9-66F7-4755-8EC1-F0187B2F1692}.Release|Any CPU.Build.0 = Release|Any CPU
		{6EA6B291-AD09-474D-A6A1-27403E4710BC}.Debug|Any CPU.ActiveCfg = Debug|Any CPU
		{6EA6B291-AD09-474D-A6A1-27403E4710BC}.Debug|Any CPU.Build.0 = Debug|Any CPU
		{6EA6B291-AD09-474D-A6A1-27403E4710BC}.Release|Any CPU.ActiveCfg = Release|Any CPU
		{6EA6B291-AD09-474D-A6A1-27403E4710BC}.Release|Any CPU.Build.0 = Release|Any CPU
	EndGlobalSection
	GlobalSection(SolutionProperties) = preSolution
		HideSolutionNode = FALSE
	EndGlobalSection
EndGlobal
